// !$*UTF8*$!
{
	archiveVersion = 1;
	classes = {
	};
	objectVersion = 46;
	objects = {

/* Begin PBXBuildFile section */
		29DF74421DF7D3EB00E90A2A /* UIButton+Reactive.m in Sources */ = {isa = PBXBuildFile; fileRef = 29DF742F1DF7D3EB00E90A2A /* UIButton+Reactive.m */; };
		29DF74431DF7D3EB00E90A2A /* UICollectionView+Reactive.m in Sources */ = {isa = PBXBuildFile; fileRef = 29DF74311DF7D3EB00E90A2A /* UICollectionView+Reactive.m */; };
		29DF74441DF7D3EB00E90A2A /* UICollectionViewFlowLayout+Reactive.m in Sources */ = {isa = PBXBuildFile; fileRef = 29DF74331DF7D3EB00E90A2A /* UICollectionViewFlowLayout+Reactive.m */; };
		29DF74451DF7D3EB00E90A2A /* UIImageView+Reactive.m in Sources */ = {isa = PBXBuildFile; fileRef = 29DF74351DF7D3EB00E90A2A /* UIImageView+Reactive.m */; };
		29DF74461DF7D3EB00E90A2A /* UILabel+Reactive.m in Sources */ = {isa = PBXBuildFile; fileRef = 29DF74371DF7D3EB00E90A2A /* UILabel+Reactive.m */; };
		29DF74471DF7D3EB00E90A2A /* UIScrollView+Reactive.m in Sources */ = {isa = PBXBuildFile; fileRef = 29DF74391DF7D3EB00E90A2A /* UIScrollView+Reactive.m */; };
		29DF74481DF7D3EB00E90A2A /* UITableView+Reactive.m in Sources */ = {isa = PBXBuildFile; fileRef = 29DF743B1DF7D3EB00E90A2A /* UITableView+Reactive.m */; };
		29DF74491DF7D3EB00E90A2A /* UITextField+Reactive.m in Sources */ = {isa = PBXBuildFile; fileRef = 29DF743D1DF7D3EB00E90A2A /* UITextField+Reactive.m */; };
		29DF744A1DF7D3EB00E90A2A /* UITextView+Reactive.m in Sources */ = {isa = PBXBuildFile; fileRef = 29DF743F1DF7D3EB00E90A2A /* UITextView+Reactive.m */; };
		29DF744B1DF7D3EB00E90A2A /* UIView+Reactive.m in Sources */ = {isa = PBXBuildFile; fileRef = 29DF74411DF7D3EB00E90A2A /* UIView+Reactive.m */; };
		410BFBF71DF7C7CF006C93A0 /* main.m in Sources */ = {isa = PBXBuildFile; fileRef = 410BFBF61DF7C7CF006C93A0 /* main.m */; };
		410BFBFA1DF7C7CF006C93A0 /* AppDelegate.m in Sources */ = {isa = PBXBuildFile; fileRef = 410BFBF91DF7C7CF006C93A0 /* AppDelegate.m */; };
		410BFBFD1DF7C7CF006C93A0 /* ViewController.m in Sources */ = {isa = PBXBuildFile; fileRef = 410BFBFC1DF7C7CF006C93A0 /* ViewController.m */; };
		410BFC001DF7C7CF006C93A0 /* Main.storyboard in Resources */ = {isa = PBXBuildFile; fileRef = 410BFBFE1DF7C7CF006C93A0 /* Main.storyboard */; };
		410BFC021DF7C7CF006C93A0 /* Assets.xcassets in Resources */ = {isa = PBXBuildFile; fileRef = 410BFC011DF7C7CF006C93A0 /* Assets.xcassets */; };
		410BFC051DF7C7CF006C93A0 /* LaunchScreen.storyboard in Resources */ = {isa = PBXBuildFile; fileRef = 410BFC031DF7C7CF006C93A0 /* LaunchScreen.storyboard */; };
		410BFC101DF7C7CF006C93A0 /* The_OtherTests.m in Sources */ = {isa = PBXBuildFile; fileRef = 410BFC0F1DF7C7CF006C93A0 /* The_OtherTests.m */; };
		410BFC1B1DF7C7CF006C93A0 /* The_OtherUITests.m in Sources */ = {isa = PBXBuildFile; fileRef = 410BFC1A1DF7C7CF006C93A0 /* The_OtherUITests.m */; };
		6A36D4C73AEB72212FAF9E5A /* libPods-The Other.a in Frameworks */ = {isa = PBXBuildFile; fileRef = ABBA2B382EC5439F21DF0B15 /* libPods-The Other.a */; };
/* End PBXBuildFile section */

/* Begin PBXContainerItemProxy section */
		410BFC0C1DF7C7CF006C93A0 /* PBXContainerItemProxy */ = {
			isa = PBXContainerItemProxy;
			containerPortal = 410BFBEA1DF7C7CF006C93A0 /* Project object */;
			proxyType = 1;
			remoteGlobalIDString = 410BFBF11DF7C7CF006C93A0;
			remoteInfo = "The Other";
		};
		410BFC171DF7C7CF006C93A0 /* PBXContainerItemProxy */ = {
			isa = PBXContainerItemProxy;
			containerPortal = 410BFBEA1DF7C7CF006C93A0 /* Project object */;
			proxyType = 1;
			remoteGlobalIDString = 410BFBF11DF7C7CF006C93A0;
			remoteInfo = "The Other";
		};
/* End PBXContainerItemProxy section */

/* Begin PBXFileReference section */
		29DF742D1DF7D3EB00E90A2A /* BaseHeader.h */ = {isa = PBXFileReference; fileEncoding = 4; lastKnownFileType = sourcecode.c.h; path = BaseHeader.h; sourceTree = "<group>"; };
		29DF742E1DF7D3EB00E90A2A /* UIButton+Reactive.h */ = {isa = PBXFileReference; fileEncoding = 4; lastKnownFileType = sourcecode.c.h; path = "UIButton+Reactive.h"; sourceTree = "<group>"; };
		29DF742F1DF7D3EB00E90A2A /* UIButton+Reactive.m */ = {isa = PBXFileReference; fileEncoding = 4; lastKnownFileType = sourcecode.c.objc; path = "UIButton+Reactive.m"; sourceTree = "<group>"; };
		29DF74301DF7D3EB00E90A2A /* UICollectionView+Reactive.h */ = {isa = PBXFileReference; fileEncoding = 4; lastKnownFileType = sourcecode.c.h; path = "UICollectionView+Reactive.h"; sourceTree = "<group>"; };
		29DF74311DF7D3EB00E90A2A /* UICollectionView+Reactive.m */ = {isa = PBXFileReference; fileEncoding = 4; lastKnownFileType = sourcecode.c.objc; path = "UICollectionView+Reactive.m"; sourceTree = "<group>"; };
		29DF74321DF7D3EB00E90A2A /* UICollectionViewFlowLayout+Reactive.h */ = {isa = PBXFileReference; fileEncoding = 4; lastKnownFileType = sourcecode.c.h; path = "UICollectionViewFlowLayout+Reactive.h"; sourceTree = "<group>"; };
		29DF74331DF7D3EB00E90A2A /* UICollectionViewFlowLayout+Reactive.m */ = {isa = PBXFileReference; fileEncoding = 4; lastKnownFileType = sourcecode.c.objc; path = "UICollectionViewFlowLayout+Reactive.m"; sourceTree = "<group>"; };
		29DF74341DF7D3EB00E90A2A /* UIImageView+Reactive.h */ = {isa = PBXFileReference; fileEncoding = 4; lastKnownFileType = sourcecode.c.h; path = "UIImageView+Reactive.h"; sourceTree = "<group>"; };
		29DF74351DF7D3EB00E90A2A /* UIImageView+Reactive.m */ = {isa = PBXFileReference; fileEncoding = 4; lastKnownFileType = sourcecode.c.objc; path = "UIImageView+Reactive.m"; sourceTree = "<group>"; };
		29DF74361DF7D3EB00E90A2A /* UILabel+Reactive.h */ = {isa = PBXFileReference; fileEncoding = 4; lastKnownFileType = sourcecode.c.h; path = "UILabel+Reactive.h"; sourceTree = "<group>"; };
		29DF74371DF7D3EB00E90A2A /* UILabel+Reactive.m */ = {isa = PBXFileReference; fileEncoding = 4; lastKnownFileType = sourcecode.c.objc; path = "UILabel+Reactive.m"; sourceTree = "<group>"; };
		29DF74381DF7D3EB00E90A2A /* UIScrollView+Reactive.h */ = {isa = PBXFileReference; fileEncoding = 4; lastKnownFileType = sourcecode.c.h; path = "UIScrollView+Reactive.h"; sourceTree = "<group>"; };
		29DF74391DF7D3EB00E90A2A /* UIScrollView+Reactive.m */ = {isa = PBXFileReference; fileEncoding = 4; lastKnownFileType = sourcecode.c.objc; path = "UIScrollView+Reactive.m"; sourceTree = "<group>"; };
		29DF743A1DF7D3EB00E90A2A /* UITableView+Reactive.h */ = {isa = PBXFileReference; fileEncoding = 4; lastKnownFileType = sourcecode.c.h; path = "UITableView+Reactive.h"; sourceTree = "<group>"; };
		29DF743B1DF7D3EB00E90A2A /* UITableView+Reactive.m */ = {isa = PBXFileReference; fileEncoding = 4; lastKnownFileType = sourcecode.c.objc; path = "UITableView+Reactive.m"; sourceTree = "<group>"; };
		29DF743C1DF7D3EB00E90A2A /* UITextField+Reactive.h */ = {isa = PBXFileReference; fileEncoding = 4; lastKnownFileType = sourcecode.c.h; path = "UITextField+Reactive.h"; sourceTree = "<group>"; };
		29DF743D1DF7D3EB00E90A2A /* UITextField+Reactive.m */ = {isa = PBXFileReference; fileEncoding = 4; lastKnownFileType = sourcecode.c.objc; path = "UITextField+Reactive.m"; sourceTree = "<group>"; };
		29DF743E1DF7D3EB00E90A2A /* UITextView+Reactive.h */ = {isa = PBXFileReference; fileEncoding = 4; lastKnownFileType = sourcecode.c.h; path = "UITextView+Reactive.h"; sourceTree = "<group>"; };
		29DF743F1DF7D3EB00E90A2A /* UITextView+Reactive.m */ = {isa = PBXFileReference; fileEncoding = 4; lastKnownFileType = sourcecode.c.objc; path = "UITextView+Reactive.m"; sourceTree = "<group>"; };
		29DF74401DF7D3EB00E90A2A /* UIView+Reactive.h */ = {isa = PBXFileReference; fileEncoding = 4; lastKnownFileType = sourcecode.c.h; path = "UIView+Reactive.h"; sourceTree = "<group>"; };
		29DF74411DF7D3EB00E90A2A /* UIView+Reactive.m */ = {isa = PBXFileReference; fileEncoding = 4; lastKnownFileType = sourcecode.c.objc; path = "UIView+Reactive.m"; sourceTree = "<group>"; };
		410BFBF21DF7C7CF006C93A0 /* The Other.app */ = {isa = PBXFileReference; explicitFileType = wrapper.application; includeInIndex = 0; path = "The Other.app"; sourceTree = BUILT_PRODUCTS_DIR; };
		410BFBF61DF7C7CF006C93A0 /* main.m */ = {isa = PBXFileReference; lastKnownFileType = sourcecode.c.objc; path = main.m; sourceTree = "<group>"; };
		410BFBF81DF7C7CF006C93A0 /* AppDelegate.h */ = {isa = PBXFileReference; lastKnownFileType = sourcecode.c.h; path = AppDelegate.h; sourceTree = "<group>"; };
		410BFBF91DF7C7CF006C93A0 /* AppDelegate.m */ = {isa = PBXFileReference; lastKnownFileType = sourcecode.c.objc; path = AppDelegate.m; sourceTree = "<group>"; };
		410BFBFB1DF7C7CF006C93A0 /* ViewController.h */ = {isa = PBXFileReference; lastKnownFileType = sourcecode.c.h; path = ViewController.h; sourceTree = "<group>"; };
		410BFBFC1DF7C7CF006C93A0 /* ViewController.m */ = {isa = PBXFileReference; lastKnownFileType = sourcecode.c.objc; path = ViewController.m; sourceTree = "<group>"; };
		410BFBFF1DF7C7CF006C93A0 /* Base */ = {isa = PBXFileReference; lastKnownFileType = file.storyboard; name = Base; path = Base.lproj/Main.storyboard; sourceTree = "<group>"; };
		410BFC011DF7C7CF006C93A0 /* Assets.xcassets */ = {isa = PBXFileReference; lastKnownFileType = folder.assetcatalog; path = Assets.xcassets; sourceTree = "<group>"; };
		410BFC041DF7C7CF006C93A0 /* Base */ = {isa = PBXFileReference; lastKnownFileType = file.storyboard; name = Base; path = Base.lproj/LaunchScreen.storyboard; sourceTree = "<group>"; };
		410BFC061DF7C7CF006C93A0 /* Info.plist */ = {isa = PBXFileReference; lastKnownFileType = text.plist.xml; path = Info.plist; sourceTree = "<group>"; };
		410BFC0B1DF7C7CF006C93A0 /* The OtherTests.xctest */ = {isa = PBXFileReference; explicitFileType = wrapper.cfbundle; includeInIndex = 0; path = "The OtherTests.xctest"; sourceTree = BUILT_PRODUCTS_DIR; };
		410BFC0F1DF7C7CF006C93A0 /* The_OtherTests.m */ = {isa = PBXFileReference; lastKnownFileType = sourcecode.c.objc; path = The_OtherTests.m; sourceTree = "<group>"; };
		410BFC111DF7C7CF006C93A0 /* Info.plist */ = {isa = PBXFileReference; lastKnownFileType = text.plist.xml; path = Info.plist; sourceTree = "<group>"; };
		410BFC161DF7C7CF006C93A0 /* The OtherUITests.xctest */ = {isa = PBXFileReference; explicitFileType = wrapper.cfbundle; includeInIndex = 0; path = "The OtherUITests.xctest"; sourceTree = BUILT_PRODUCTS_DIR; };
		410BFC1A1DF7C7CF006C93A0 /* The_OtherUITests.m */ = {isa = PBXFileReference; lastKnownFileType = sourcecode.c.objc; path = The_OtherUITests.m; sourceTree = "<group>"; };
		410BFC1C1DF7C7CF006C93A0 /* Info.plist */ = {isa = PBXFileReference; lastKnownFileType = text.plist.xml; path = Info.plist; sourceTree = "<group>"; };
		ABBA2B382EC5439F21DF0B15 /* libPods-The Other.a */ = {isa = PBXFileReference; explicitFileType = archive.ar; includeInIndex = 0; path = "libPods-The Other.a"; sourceTree = BUILT_PRODUCTS_DIR; };
		D8E48C2EC48B0C418A8B822F /* Pods-The Other.release.xcconfig */ = {isa = PBXFileReference; includeInIndex = 1; lastKnownFileType = text.xcconfig; name = "Pods-The Other.release.xcconfig"; path = "Pods/Target Support Files/Pods-The Other/Pods-The Other.release.xcconfig"; sourceTree = "<group>"; };
		F220C9C93F2D51D0170F4147 /* Pods-The Other.debug.xcconfig */ = {isa = PBXFileReference; includeInIndex = 1; lastKnownFileType = text.xcconfig; name = "Pods-The Other.debug.xcconfig"; path = "Pods/Target Support Files/Pods-The Other/Pods-The Other.debug.xcconfig"; sourceTree = "<group>"; };
/* End PBXFileReference section */

/* Begin PBXFrameworksBuildPhase section */
		410BFBEF1DF7C7CF006C93A0 /* Frameworks */ = {
			isa = PBXFrameworksBuildPhase;
			buildActionMask = 2147483647;
			files = (
				6A36D4C73AEB72212FAF9E5A /* libPods-The Other.a in Frameworks */,
			);
			runOnlyForDeploymentPostprocessing = 0;
		};
		410BFC081DF7C7CF006C93A0 /* Frameworks */ = {
			isa = PBXFrameworksBuildPhase;
			buildActionMask = 2147483647;
			files = (
			);
			runOnlyForDeploymentPostprocessing = 0;
		};
		410BFC131DF7C7CF006C93A0 /* Frameworks */ = {
			isa = PBXFrameworksBuildPhase;
			buildActionMask = 2147483647;
			files = (
			);
			runOnlyForDeploymentPostprocessing = 0;
		};
/* End PBXFrameworksBuildPhase section */

/* Begin PBXGroup section */
		01875C3DB9B729CA184856C8 /* Pods */ = {
			isa = PBXGroup;
			children = (
				F220C9C93F2D51D0170F4147 /* Pods-The Other.debug.xcconfig */,
				D8E48C2EC48B0C418A8B822F /* Pods-The Other.release.xcconfig */,
			);
			name = Pods;
			sourceTree = "<group>";
		};
		29DF742C1DF7D3EB00E90A2A /* Extension */ = {
			isa = PBXGroup;
			children = (
				29DF742D1DF7D3EB00E90A2A /* BaseHeader.h */,
				29DF742E1DF7D3EB00E90A2A /* UIButton+Reactive.h */,
				29DF742F1DF7D3EB00E90A2A /* UIButton+Reactive.m */,
				29DF74301DF7D3EB00E90A2A /* UICollectionView+Reactive.h */,
				29DF74311DF7D3EB00E90A2A /* UICollectionView+Reactive.m */,
				29DF74321DF7D3EB00E90A2A /* UICollectionViewFlowLayout+Reactive.h */,
				29DF74331DF7D3EB00E90A2A /* UICollectionViewFlowLayout+Reactive.m */,
				29DF74341DF7D3EB00E90A2A /* UIImageView+Reactive.h */,
				29DF74351DF7D3EB00E90A2A /* UIImageView+Reactive.m */,
				29DF74361DF7D3EB00E90A2A /* UILabel+Reactive.h */,
				29DF74371DF7D3EB00E90A2A /* UILabel+Reactive.m */,
				29DF74381DF7D3EB00E90A2A /* UIScrollView+Reactive.h */,
				29DF74391DF7D3EB00E90A2A /* UIScrollView+Reactive.m */,
				29DF743A1DF7D3EB00E90A2A /* UITableView+Reactive.h */,
				29DF743B1DF7D3EB00E90A2A /* UITableView+Reactive.m */,
				29DF743C1DF7D3EB00E90A2A /* UITextField+Reactive.h */,
				29DF743D1DF7D3EB00E90A2A /* UITextField+Reactive.m */,
				29DF743E1DF7D3EB00E90A2A /* UITextView+Reactive.h */,
				29DF743F1DF7D3EB00E90A2A /* UITextView+Reactive.m */,
				29DF74401DF7D3EB00E90A2A /* UIView+Reactive.h */,
				29DF74411DF7D3EB00E90A2A /* UIView+Reactive.m */,
			);
			name = Extension;
			path = extension;
			sourceTree = SOURCE_ROOT;
		};
		29DF744D1DF7D5AF00E90A2A /* Kit */ = {
			isa = PBXGroup;
			children = (
			);
			path = Kit;
			sourceTree = SOURCE_ROOT;
		};
		3415731DD6863A346A22150C /* Frameworks */ = {
			isa = PBXGroup;
			children = (
				ABBA2B382EC5439F21DF0B15 /* libPods-The Other.a */,
			);
			name = Frameworks;
			sourceTree = "<group>";
		};
		410BFBE91DF7C7CF006C93A0 = {
			isa = PBXGroup;
			children = (
				410BFBF41DF7C7CF006C93A0 /* The Other */,
				410BFC0E1DF7C7CF006C93A0 /* The OtherTests */,
				410BFC191DF7C7CF006C93A0 /* The OtherUITests */,
				410BFBF31DF7C7CF006C93A0 /* Products */,
				01875C3DB9B729CA184856C8 /* Pods */,
				3415731DD6863A346A22150C /* Frameworks */,
			);
			sourceTree = "<group>";
		};
		410BFBF31DF7C7CF006C93A0 /* Products */ = {
			isa = PBXGroup;
			children = (
				410BFBF21DF7C7CF006C93A0 /* The Other.app */,
				410BFC0B1DF7C7CF006C93A0 /* The OtherTests.xctest */,
				410BFC161DF7C7CF006C93A0 /* The OtherUITests.xctest */,
			);
			name = Products;
			sourceTree = "<group>";
		};
		410BFBF41DF7C7CF006C93A0 /* The Other */ = {
			isa = PBXGroup;
			children = (
				29DF744D1DF7D5AF00E90A2A /* Kit */,
				29DF742C1DF7D3EB00E90A2A /* Extension */,
				410BFC2A1DF7C7F9006C93A0 /* Class */,
				410BFC291DF7C7E5006C93A0 /* UI */,
				410BFC281DF7C7D9006C93A0 /* app */,
				410BFBF51DF7C7CF006C93A0 /* Supporting Files */,
			);
			path = "The Other";
			sourceTree = "<group>";
		};
		410BFBF51DF7C7CF006C93A0 /* Supporting Files */ = {
			isa = PBXGroup;
			children = (
				410BFBF61DF7C7CF006C93A0 /* main.m */,
			);
			name = "Supporting Files";
			sourceTree = "<group>";
		};
		410BFC0E1DF7C7CF006C93A0 /* The OtherTests */ = {
			isa = PBXGroup;
			children = (
				410BFC0F1DF7C7CF006C93A0 /* The_OtherTests.m */,
				410BFC111DF7C7CF006C93A0 /* Info.plist */,
			);
			path = "The OtherTests";
			sourceTree = "<group>";
		};
		410BFC191DF7C7CF006C93A0 /* The OtherUITests */ = {
			isa = PBXGroup;
			children = (
				410BFC1A1DF7C7CF006C93A0 /* The_OtherUITests.m */,
				410BFC1C1DF7C7CF006C93A0 /* Info.plist */,
			);
			path = "The OtherUITests";
			sourceTree = "<group>";
		};
		410BFC281DF7C7D9006C93A0 /* app */ = {
			isa = PBXGroup;
			children = (
				410BFC061DF7C7CF006C93A0 /* Info.plist */,
				410BFBF81DF7C7CF006C93A0 /* AppDelegate.h */,
				410BFBF91DF7C7CF006C93A0 /* AppDelegate.m */,
			);
			path = app;
			sourceTree = "<group>";
		};
		410BFC291DF7C7E5006C93A0 /* UI */ = {
			isa = PBXGroup;
			children = (
				410BFBFE1DF7C7CF006C93A0 /* Main.storyboard */,
				410BFC011DF7C7CF006C93A0 /* Assets.xcassets */,
				410BFC031DF7C7CF006C93A0 /* LaunchScreen.storyboard */,
			);
			name = UI;
			sourceTree = "<group>";
		};
		410BFC2A1DF7C7F9006C93A0 /* Class */ = {
			isa = PBXGroup;
			children = (
				410BFBFB1DF7C7CF006C93A0 /* ViewController.h */,
				410BFBFC1DF7C7CF006C93A0 /* ViewController.m */,
			);
			path = Class;
			sourceTree = "<group>";
		};
/* End PBXGroup section */

/* Begin PBXNativeTarget section */
		410BFBF11DF7C7CF006C93A0 /* The Other */ = {
			isa = PBXNativeTarget;
			buildConfigurationList = 410BFC1F1DF7C7CF006C93A0 /* Build configuration list for PBXNativeTarget "The Other" */;
			buildPhases = (
				2B797A9961ECCF0CA073B0A4 /* [CP] Check Pods Manifest.lock */,
				410BFBEE1DF7C7CF006C93A0 /* Sources */,
				410BFBEF1DF7C7CF006C93A0 /* Frameworks */,
				410BFBF01DF7C7CF006C93A0 /* Resources */,
				9667D13742941EFD5F1B635E /* [CP] Embed Pods Frameworks */,
				634575C3A4AF13EA3EE5D2FA /* [CP] Copy Pods Resources */,
			);
			buildRules = (
			);
			dependencies = (
			);
			name = "The Other";
			productName = "The Other";
			productReference = 410BFBF21DF7C7CF006C93A0 /* The Other.app */;
			productType = "com.apple.product-type.application";
		};
		410BFC0A1DF7C7CF006C93A0 /* The OtherTests */ = {
			isa = PBXNativeTarget;
			buildConfigurationList = 410BFC221DF7C7CF006C93A0 /* Build configuration list for PBXNativeTarget "The OtherTests" */;
			buildPhases = (
				410BFC071DF7C7CF006C93A0 /* Sources */,
				410BFC081DF7C7CF006C93A0 /* Frameworks */,
				410BFC091DF7C7CF006C93A0 /* Resources */,
			);
			buildRules = (
			);
			dependencies = (
				410BFC0D1DF7C7CF006C93A0 /* PBXTargetDependency */,
			);
			name = "The OtherTests";
			productName = "The OtherTests";
			productReference = 410BFC0B1DF7C7CF006C93A0 /* The OtherTests.xctest */;
			productType = "com.apple.product-type.bundle.unit-test";
		};
		410BFC151DF7C7CF006C93A0 /* The OtherUITests */ = {
			isa = PBXNativeTarget;
			buildConfigurationList = 410BFC251DF7C7CF006C93A0 /* Build configuration list for PBXNativeTarget "The OtherUITests" */;
			buildPhases = (
				410BFC121DF7C7CF006C93A0 /* Sources */,
				410BFC131DF7C7CF006C93A0 /* Frameworks */,
				410BFC141DF7C7CF006C93A0 /* Resources */,
			);
			buildRules = (
			);
			dependencies = (
				410BFC181DF7C7CF006C93A0 /* PBXTargetDependency */,
			);
			name = "The OtherUITests";
			productName = "The OtherUITests";
			productReference = 410BFC161DF7C7CF006C93A0 /* The OtherUITests.xctest */;
			productType = "com.apple.product-type.bundle.ui-testing";
		};
/* End PBXNativeTarget section */

/* Begin PBXProject section */
		410BFBEA1DF7C7CF006C93A0 /* Project object */ = {
			isa = PBXProject;
			attributes = {
				LastUpgradeCheck = 0810;
				ORGANIZATIONNAME = "胡凡";
				TargetAttributes = {
					410BFBF11DF7C7CF006C93A0 = {
						CreatedOnToolsVersion = 8.1;
						DevelopmentTeam = 3NRA94FPS6;
						ProvisioningStyle = Automatic;
					};
					410BFC0A1DF7C7CF006C93A0 = {
						CreatedOnToolsVersion = 8.1;
						DevelopmentTeam = 3NRA94FPS6;
						ProvisioningStyle = Automatic;
						TestTargetID = 410BFBF11DF7C7CF006C93A0;
					};
					410BFC151DF7C7CF006C93A0 = {
						CreatedOnToolsVersion = 8.1;
						DevelopmentTeam = 3NRA94FPS6;
						ProvisioningStyle = Automatic;
						TestTargetID = 410BFBF11DF7C7CF006C93A0;
					};
				};
			};
			buildConfigurationList = 410BFBED1DF7C7CF006C93A0 /* Build configuration list for PBXProject "The Other" */;
			compatibilityVersion = "Xcode 3.2";
			developmentRegion = English;
			hasScannedForEncodings = 0;
			knownRegions = (
				en,
				Base,
			);
			mainGroup = 410BFBE91DF7C7CF006C93A0;
			productRefGroup = 410BFBF31DF7C7CF006C93A0 /* Products */;
			projectDirPath = "";
			projectRoot = "";
			targets = (
				410BFBF11DF7C7CF006C93A0 /* The Other */,
				410BFC0A1DF7C7CF006C93A0 /* The OtherTests */,
				410BFC151DF7C7CF006C93A0 /* The OtherUITests */,
			);
		};
/* End PBXProject section */

/* Begin PBXResourcesBuildPhase section */
		410BFBF01DF7C7CF006C93A0 /* Resources */ = {
			isa = PBXResourcesBuildPhase;
			buildActionMask = 2147483647;
			files = (
				410BFC051DF7C7CF006C93A0 /* LaunchScreen.storyboard in Resources */,
				410BFC021DF7C7CF006C93A0 /* Assets.xcassets in Resources */,
				410BFC001DF7C7CF006C93A0 /* Main.storyboard in Resources */,
			);
			runOnlyForDeploymentPostprocessing = 0;
		};
		410BFC091DF7C7CF006C93A0 /* Resources */ = {
			isa = PBXResourcesBuildPhase;
			buildActionMask = 2147483647;
			files = (
			);
			runOnlyForDeploymentPostprocessing = 0;
		};
		410BFC141DF7C7CF006C93A0 /* Resources */ = {
			isa = PBXResourcesBuildPhase;
			buildActionMask = 2147483647;
			files = (
			);
			runOnlyForDeploymentPostprocessing = 0;
		};
/* End PBXResourcesBuildPhase section */

/* Begin PBXShellScriptBuildPhase section */
		2B797A9961ECCF0CA073B0A4 /* [CP] Check Pods Manifest.lock */ = {
			isa = PBXShellScriptBuildPhase;
			buildActionMask = 2147483647;
			files = (
			);
			inputPaths = (
			);
			name = "[CP] Check Pods Manifest.lock";
			outputPaths = (
			);
			runOnlyForDeploymentPostprocessing = 0;
			shellPath = /bin/sh;
			shellScript = "diff \"${PODS_ROOT}/../Podfile.lock\" \"${PODS_ROOT}/Manifest.lock\" > /dev/null\nif [ $? != 0 ] ; then\n    # print error to STDERR\n    echo \"error: The sandbox is not in sync with the Podfile.lock. Run 'pod install' or update your CocoaPods installation.\" >&2\n    exit 1\nfi\n";
			showEnvVarsInLog = 0;
		};
		634575C3A4AF13EA3EE5D2FA /* [CP] Copy Pods Resources */ = {
			isa = PBXShellScriptBuildPhase;
			buildActionMask = 2147483647;
			files = (
			);
			inputPaths = (
			);
			name = "[CP] Copy Pods Resources";
			outputPaths = (
			);
			runOnlyForDeploymentPostprocessing = 0;
			shellPath = /bin/sh;
			shellScript = "\"${SRCROOT}/Pods/Target Support Files/Pods-The Other/Pods-The Other-resources.sh\"\n";
			showEnvVarsInLog = 0;
		};
		9667D13742941EFD5F1B635E /* [CP] Embed Pods Frameworks */ = {
			isa = PBXShellScriptBuildPhase;
			buildActionMask = 2147483647;
			files = (
			);
			inputPaths = (
			);
			name = "[CP] Embed Pods Frameworks";
			outputPaths = (
			);
			runOnlyForDeploymentPostprocessing = 0;
			shellPath = /bin/sh;
			shellScript = "\"${SRCROOT}/Pods/Target Support Files/Pods-The Other/Pods-The Other-frameworks.sh\"\n";
			showEnvVarsInLog = 0;
		};
/* End PBXShellScriptBuildPhase section */

/* Begin PBXSourcesBuildPhase section */
		410BFBEE1DF7C7CF006C93A0 /* Sources */ = {
			isa = PBXSourcesBuildPhase;
			buildActionMask = 2147483647;
			files = (
				29DF74481DF7D3EB00E90A2A /* UITableView+Reactive.m in Sources */,
				29DF74431DF7D3EB00E90A2A /* UICollectionView+Reactive.m in Sources */,
				29DF74461DF7D3EB00E90A2A /* UILabel+Reactive.m in Sources */,
				410BFBFD1DF7C7CF006C93A0 /* ViewController.m in Sources */,
				29DF744A1DF7D3EB00E90A2A /* UITextView+Reactive.m in Sources */,
				29DF744B1DF7D3EB00E90A2A /* UIView+Reactive.m in Sources */,
				29DF74451DF7D3EB00E90A2A /* UIImageView+Reactive.m in Sources */,
				410BFBFA1DF7C7CF006C93A0 /* AppDelegate.m in Sources */,
				29DF74491DF7D3EB00E90A2A /* UITextField+Reactive.m in Sources */,
				29DF74421DF7D3EB00E90A2A /* UIButton+Reactive.m in Sources */,
				29DF74471DF7D3EB00E90A2A /* UIScrollView+Reactive.m in Sources */,
				410BFBF71DF7C7CF006C93A0 /* main.m in Sources */,
				29DF74441DF7D3EB00E90A2A /* UICollectionViewFlowLayout+Reactive.m in Sources */,
			);
			runOnlyForDeploymentPostprocessing = 0;
		};
		410BFC071DF7C7CF006C93A0 /* Sources */ = {
			isa = PBXSourcesBuildPhase;
			buildActionMask = 2147483647;
			files = (
				410BFC101DF7C7CF006C93A0 /* The_OtherTests.m in Sources */,
			);
			runOnlyForDeploymentPostprocessing = 0;
		};
		410BFC121DF7C7CF006C93A0 /* Sources */ = {
			isa = PBXSourcesBuildPhase;
			buildActionMask = 2147483647;
			files = (
				410BFC1B1DF7C7CF006C93A0 /* The_OtherUITests.m in Sources */,
			);
			runOnlyForDeploymentPostprocessing = 0;
		};
/* End PBXSourcesBuildPhase section */

/* Begin PBXTargetDependency section */
		410BFC0D1DF7C7CF006C93A0 /* PBXTargetDependency */ = {
			isa = PBXTargetDependency;
			target = 410BFBF11DF7C7CF006C93A0 /* The Other */;
			targetProxy = 410BFC0C1DF7C7CF006C93A0 /* PBXContainerItemProxy */;
		};
		410BFC181DF7C7CF006C93A0 /* PBXTargetDependency */ = {
			isa = PBXTargetDependency;
			target = 410BFBF11DF7C7CF006C93A0 /* The Other */;
			targetProxy = 410BFC171DF7C7CF006C93A0 /* PBXContainerItemProxy */;
		};
/* End PBXTargetDependency section */

/* Begin PBXVariantGroup section */
		410BFBFE1DF7C7CF006C93A0 /* Main.storyboard */ = {
			isa = PBXVariantGroup;
			children = (
				410BFBFF1DF7C7CF006C93A0 /* Base */,
			);
			name = Main.storyboard;
			sourceTree = "<group>";
		};
		410BFC031DF7C7CF006C93A0 /* LaunchScreen.storyboard */ = {
			isa = PBXVariantGroup;
			children = (
				410BFC041DF7C7CF006C93A0 /* Base */,
			);
			name = LaunchScreen.storyboard;
			sourceTree = "<group>";
		};
/* End PBXVariantGroup section */

/* Begin XCBuildConfiguration section */
		410BFC1D1DF7C7CF006C93A0 /* Debug */ = {
			isa = XCBuildConfiguration;
			buildSettings = {
				ALWAYS_SEARCH_USER_PATHS = NO;
				CLANG_ANALYZER_NONNULL = YES;
				CLANG_CXX_LANGUAGE_STANDARD = "gnu++0x";
				CLANG_CXX_LIBRARY = "libc++";
				CLANG_ENABLE_MODULES = YES;
				CLANG_ENABLE_OBJC_ARC = YES;
				CLANG_WARN_BOOL_CONVERSION = YES;
				CLANG_WARN_CONSTANT_CONVERSION = YES;
				CLANG_WARN_DIRECT_OBJC_ISA_USAGE = YES_ERROR;
				CLANG_WARN_DOCUMENTATION_COMMENTS = YES;
				CLANG_WARN_EMPTY_BODY = YES;
				CLANG_WARN_ENUM_CONVERSION = YES;
				CLANG_WARN_INFINITE_RECURSION = YES;
				CLANG_WARN_INT_CONVERSION = YES;
				CLANG_WARN_OBJC_ROOT_CLASS = YES_ERROR;
				CLANG_WARN_SUSPICIOUS_MOVES = YES;
				CLANG_WARN_UNREACHABLE_CODE = YES;
				CLANG_WARN__DUPLICATE_METHOD_MATCH = YES;
				"CODE_SIGN_IDENTITY[sdk=iphoneos*]" = "iPhone Developer";
				COPY_PHASE_STRIP = NO;
				DEBUG_INFORMATION_FORMAT = dwarf;
				ENABLE_STRICT_OBJC_MSGSEND = YES;
				ENABLE_TESTABILITY = YES;
				GCC_C_LANGUAGE_STANDARD = gnu99;
				GCC_DYNAMIC_NO_PIC = NO;
				GCC_NO_COMMON_BLOCKS = YES;
				GCC_OPTIMIZATION_LEVEL = 0;
				GCC_PREPROCESSOR_DEFINITIONS = (
					"DEBUG=1",
					"$(inherited)",
				);
				GCC_WARN_64_TO_32_BIT_CONVERSION = YES;
				GCC_WARN_ABOUT_RETURN_TYPE = YES_ERROR;
				GCC_WARN_UNDECLARED_SELECTOR = YES;
				GCC_WARN_UNINITIALIZED_AUTOS = YES_AGGRESSIVE;
				GCC_WARN_UNUSED_FUNCTION = YES;
				GCC_WARN_UNUSED_VARIABLE = YES;
				IPHONEOS_DEPLOYMENT_TARGET = 10.1;
				MTL_ENABLE_DEBUG_INFO = YES;
				ONLY_ACTIVE_ARCH = YES;
				SDKROOT = iphoneos;
			};
			name = Debug;
		};
		410BFC1E1DF7C7CF006C93A0 /* Release */ = {
			isa = XCBuildConfiguration;
			buildSettings = {
				ALWAYS_SEARCH_USER_PATHS = NO;
				CLANG_ANALYZER_NONNULL = YES;
				CLANG_CXX_LANGUAGE_STANDARD = "gnu++0x";
				CLANG_CXX_LIBRARY = "libc++";
				CLANG_ENABLE_MODULES = YES;
				CLANG_ENABLE_OBJC_ARC = YES;
				CLANG_WARN_BOOL_CONVERSION = YES;
				CLANG_WARN_CONSTANT_CONVERSION = YES;
				CLANG_WARN_DIRECT_OBJC_ISA_USAGE = YES_ERROR;
				CLANG_WARN_DOCUMENTATION_COMMENTS = YES;
				CLANG_WARN_EMPTY_BODY = YES;
				CLANG_WARN_ENUM_CONVERSION = YES;
				CLANG_WARN_INFINITE_RECURSION = YES;
				CLANG_WARN_INT_CONVERSION = YES;
				CLANG_WARN_OBJC_ROOT_CLASS = YES_ERROR;
				CLANG_WARN_SUSPICIOUS_MOVES = YES;
				CLANG_WARN_UNREACHABLE_CODE = YES;
				CLANG_WARN__DUPLICATE_METHOD_MATCH = YES;
				"CODE_SIGN_IDENTITY[sdk=iphoneos*]" = "iPhone Developer";
				COPY_PHASE_STRIP = NO;
				DEBUG_INFORMATION_FORMAT = "dwarf-with-dsym";
				ENABLE_NS_ASSERTIONS = NO;
				ENABLE_STRICT_OBJC_MSGSEND = YES;
				GCC_C_LANGUAGE_STANDARD = gnu99;
				GCC_NO_COMMON_BLOCKS = YES;
				GCC_WARN_64_TO_32_BIT_CONVERSION = YES;
				GCC_WARN_ABOUT_RETURN_TYPE = YES_ERROR;
				GCC_WARN_UNDECLARED_SELECTOR = YES;
				GCC_WARN_UNINITIALIZED_AUTOS = YES_AGGRESSIVE;
				GCC_WARN_UNUSED_FUNCTION = YES;
				GCC_WARN_UNUSED_VARIABLE = YES;
				IPHONEOS_DEPLOYMENT_TARGET = 10.1;
				MTL_ENABLE_DEBUG_INFO = NO;
				SDKROOT = iphoneos;
				VALIDATE_PRODUCT = YES;
			};
			name = Release;
		};
		410BFC201DF7C7CF006C93A0 /* Debug */ = {
			isa = XCBuildConfiguration;
			baseConfigurationReference = F220C9C93F2D51D0170F4147 /* Pods-The Other.debug.xcconfig */;
			buildSettings = {
				ASSETCATALOG_COMPILER_APPICON_NAME = AppIcon;
				DEVELOPMENT_TEAM = 3NRA94FPS6;
				INFOPLIST_FILE = "$(SRCROOT)/The Other/app/Info.plist";
				IPHONEOS_DEPLOYMENT_TARGET = 8.0;
				LD_RUNPATH_SEARCH_PATHS = "$(inherited) @executable_path/Frameworks";
				PRODUCT_BUNDLE_IDENTIFIER = "hufan.com.The-Other";
				PRODUCT_NAME = "$(TARGET_NAME)";
			};
			name = Debug;
		};
		410BFC211DF7C7CF006C93A0 /* Release */ = {
			isa = XCBuildConfiguration;
			baseConfigurationReference = D8E48C2EC48B0C418A8B822F /* Pods-The Other.release.xcconfig */;
			buildSettings = {
				ASSETCATALOG_COMPILER_APPICON_NAME = AppIcon;
				DEVELOPMENT_TEAM = 3NRA94FPS6;
				INFOPLIST_FILE = "$(SRCROOT)/The Other/app/Info.plist";
				IPHONEOS_DEPLOYMENT_TARGET = 8.0;
				LD_RUNPATH_SEARCH_PATHS = "$(inherited) @executable_path/Frameworks";
				PRODUCT_BUNDLE_IDENTIFIER = "hufan.com.The-Other";
				PRODUCT_NAME = "$(TARGET_NAME)";
			};
			name = Release;
		};
		410BFC231DF7C7CF006C93A0 /* Debug */ = {
			isa = XCBuildConfiguration;
			buildSettings = {
				BUNDLE_LOADER = "$(TEST_HOST)";
				DEVELOPMENT_TEAM = 3NRA94FPS6;
				INFOPLIST_FILE = "The OtherTests/Info.plist";
				LD_RUNPATH_SEARCH_PATHS = "$(inherited) @executable_path/Frameworks @loader_path/Frameworks";
				PRODUCT_BUNDLE_IDENTIFIER = "hufan.com.The-OtherTests";
				PRODUCT_NAME = "$(TARGET_NAME)";
				TEST_HOST = "$(BUILT_PRODUCTS_DIR)/The Other.app/The Other";
			};
			name = Debug;
		};
		410BFC241DF7C7CF006C93A0 /* Release */ = {
			isa = XCBuildConfiguration;
			buildSettings = {
				BUNDLE_LOADER = "$(TEST_HOST)";
				DEVELOPMENT_TEAM = 3NRA94FPS6;
				INFOPLIST_FILE = "The OtherTests/Info.plist";
				LD_RUNPATH_SEARCH_PATHS = "$(inherited) @executable_path/Frameworks @loader_path/Frameworks";
				PRODUCT_BUNDLE_IDENTIFIER = "hufan.com.The-OtherTests";
				PRODUCT_NAME = "$(TARGET_NAME)";
				TEST_HOST = "$(BUILT_PRODUCTS_DIR)/The Other.app/The Other";
			};
			name = Release;
		};
		410BFC261DF7C7CF006C93A0 /* Debug */ = {
			isa = XCBuildConfiguration;
			buildSettings = {
				DEVELOPMENT_TEAM = 3NRA94FPS6;
				INFOPLIST_FILE = "The OtherUITests/Info.plist";
				LD_RUNPATH_SEARCH_PATHS = "$(inherited) @executable_path/Frameworks @loader_path/Frameworks";
				PRODUCT_BUNDLE_IDENTIFIER = "hufan.com.The-OtherUITests";
				PRODUCT_NAME = "$(TARGET_NAME)";
				TEST_TARGET_NAME = "The Other";
			};
			name = Debug;
		};
		410BFC271DF7C7CF006C93A0 /* Release */ = {
			isa = XCBuildConfiguration;
			buildSettings = {
				DEVELOPMENT_TEAM = 3NRA94FPS6;
				INFOPLIST_FILE = "The OtherUITests/Info.plist";
				LD_RUNPATH_SEARCH_PATHS = "$(inherited) @executable_path/Frameworks @loader_path/Frameworks";
				PRODUCT_BUNDLE_IDENTIFIER = "hufan.com.The-OtherUITests";
				PRODUCT_NAME = "$(TARGET_NAME)";
				TEST_TARGET_NAME = "The Other";
			};
			name = Release;
		};
/* End XCBuildConfiguration section */

/* Begin XCConfigurationList section */
		410BFBED1DF7C7CF006C93A0 /* Build configuration list for PBXProject "The Other" */ = {
			isa = XCConfigurationList;
			buildConfigurations = (
				410BFC1D1DF7C7CF006C93A0 /* Debug */,
				410BFC1E1DF7C7CF006C93A0 /* Release */,
			);
			defaultConfigurationIsVisible = 0;
			defaultConfigurationName = Release;
		};
		410BFC1F1DF7C7CF006C93A0 /* Build configuration list for PBXNativeTarget "The Other" */ = {
			isa = XCConfigurationList;
			buildConfigurations = (
				410BFC201DF7C7CF006C93A0 /* Debug */,
				410BFC211DF7C7CF006C93A0 /* Release */,
			);
			defaultConfigurationIsVisible = 0;
			defaultConfigurationName = Release;
		};
		410BFC221DF7C7CF006C93A0 /* Build configuration list for PBXNativeTarget "The OtherTests" */ = {
			isa = XCConfigurationList;
			buildConfigurations = (
				410BFC231DF7C7CF006C93A0 /* Debug */,
				410BFC241DF7C7CF006C93A0 /* Release */,
			);
			defaultConfigurationIsVisible = 0;
			defaultConfigurationName = Release;
		};
		410BFC251DF7C7CF006C93A0 /* Build configuration list for PBXNativeTarget "The OtherUITests" */ = {
			isa = XCConfigurationList;
			buildConfigurations = (
				410BFC261DF7C7CF006C93A0 /* Debug */,
				410BFC271DF7C7CF006C93A0 /* Release */,
			);
			defaultConfigurationIsVisible = 0;
			defaultConfigurationName = Release;
		};
/* End XCConfigurationList section */
	};
	rootObject = 410BFBEA1DF7C7CF006C93A0 /* Project object */;
}
